{
  "projects": [
    {
      "projectId": "caTPwKxj5ZrD9LQ7DMdK4Z",
      "version": "3.14.0",
      "dependencies": {},
      "lang": "js",
      "fileLocks": [
        {
          "assetId": "caTPwKxj5ZrD9LQ7DMdK4Z",
          "type": "projectCss",
          "checksum": "5ec17907b444e5bfe21e4e6d853dfb8b"
        }
      ],
      "codegenVersion": "0.0.1"
    },
    {
      "projectId": "nMYeLQHQshrX7VNJy72yBY",
      "version": "latest",
      "dependencies": {
        "caTPwKxj5ZrD9LQ7DMdK4Z": "3.14.0"
      },
      "lang": "js",
      "fileLocks": [
        {
          "type": "globalVariant",
          "assetId": "W2mCOrSDrRFYk",
          "checksum": "69f2a3d1fd80f0ff8ff00ef1c6fd03cd"
        },
        {
          "assetId": "nMYeLQHQshrX7VNJy72yBY",
          "type": "projectCss",
          "checksum": "6dcb8bf233b27428dba2eb60ff760f72"
        },
        {
          "type": "renderModule",
          "assetId": "-C2FrQ1ZqHYa",
          "checksum": "4815232a7574b89050eaefb0aed2a6a4"
        },
        {
          "type": "cssRules",
          "assetId": "-C2FrQ1ZqHYa",
          "checksum": "4815232a7574b89050eaefb0aed2a6a4"
        },
        {
          "type": "renderModule",
          "assetId": "krqvzhldj2",
          "checksum": "5959f1f3906eef6e1ec5bfa511e1d7d7"
        },
        {
          "type": "cssRules",
          "assetId": "krqvzhldj2",
          "checksum": "5959f1f3906eef6e1ec5bfa511e1d7d7"
        }
      ],
      "codegenVersion": "0.0.1"
    }
  ],
  "cliVersion": "0.1.248"
}
